
Microsoft Visual Studio Solution File, Format Version 12.00
# Visual Studio 15
Project("{FAE04EC0-301F-11D3-BF4B-00C04F79EFBC}") = "UniGLTF", "UniGLTF.csproj", "{D5631B8A-6AAC-A44B-EE3E-074793CDECC3}"
EndProject
Project("{FAE04EC0-301F-11D3-BF4B-00C04F79EFBC}") = "VRM.Tests", "VRM.Tests.csproj", "{3469BF09-7628-DCFD-A26D-3AFFA71A7857}"
EndProject
Project("{FAE04EC0-301F-11D3-BF4B-00C04F79EFBC}") = "VRM", "VRM.csproj", "{F5301AFA-D336-C682-789F-A15584096991}"
EndProject
Project("{FAE04EC0-301F-11D3-BF4B-00C04F79EFBC}") = "UniGLTF.Editor", "UniGLTF.Editor.csproj", "{2391FC4B-E340-ACAF-AA48-A4866E258E8B}"
EndProject
Project("{FAE04EC0-301F-11D3-BF4B-00C04F79EFBC}") = "UniGLTF.Tests", "UniGLTF.Tests.csproj", "{73EABA31-AFEF-D6F3-CEC5-DCA07B54084F}"
EndProject
Project("{FAE04EC0-301F-11D3-BF4B-00C04F79EFBC}") = "UniVRM.Editor", "UniVRM.Editor.csproj", "{BFFB3B6B-B134-58A5-38C2-3FCC15EA1FE8}"
EndProject
Project("{FAE04EC0-301F-11D3-BF4B-00C04F79EFBC}") = "SpringBoneJobs", "SpringBoneJobs.csproj", "{293E9645-C543-E2A5-A243-84283243981F}"
EndProject
Project("{FAE04EC0-301F-11D3-BF4B-00C04F79EFBC}") = "UniGLTF.Utils", "UniGLTF.Utils.csproj", "{2C526532-92B7-3C92-E5D5-388D5E444582}"
EndProject
Project("{FAE04EC0-301F-11D3-BF4B-00C04F79EFBC}") = "UniGLTF.UniUnlit.Editor", "UniGLTF.UniUnlit.Editor.csproj", "{1E18C2E8-CB32-B923-56C8-C12198B3D371}"
EndProject
Project("{FAE04EC0-301F-11D3-BF4B-00C04F79EFBC}") = "UniHumanoid", "UniHumanoid.csproj", "{A03ABABF-6573-D145-6DBC-9397D32014B9}"
EndProject
Project("{FAE04EC0-301F-11D3-BF4B-00C04F79EFBC}") = "VRM.Samples.Editor.Tests", "VRM.Samples.Editor.Tests.csproj", "{590F99D1-2887-4A29-A0DC-860E778E7970}"
EndProject
Project("{FAE04EC0-301F-11D3-BF4B-00C04F79EFBC}") = "MToon.Editor", "MToon.Editor.csproj", "{E5BCB566-46C6-30CF-3828-08870C6822EA}"
EndProject
Project("{FAE04EC0-301F-11D3-BF4B-00C04F79EFBC}") = "UniHumanoid.Editor", "UniHumanoid.Editor.csproj", "{B48AD4CE-363B-7320-F9F6-737EAB4DB14B}"
EndProject
Project("{FAE04EC0-301F-11D3-BF4B-00C04F79EFBC}") = "MToon", "MToon.csproj", "{A32A3116-E989-7F6A-590F-3501C1E320BD}"
EndProject
Project("{FAE04EC0-301F-11D3-BF4B-00C04F79EFBC}") = "Assembly-CSharp-Editor", "Assembly-CSharp-Editor.csproj", "{1273970E-FD97-012C-A87D-B94F3AE59F69}"
EndProject
Project("{FAE04EC0-301F-11D3-BF4B-00C04F79EFBC}") = "UniHumanoid.Editor.Tests", "UniHumanoid.Editor.Tests.csproj", "{DE9F167C-9AA8-FF0E-4689-CF03D9013B96}"
EndProject
Project("{FAE04EC0-301F-11D3-BF4B-00C04F79EFBC}") = "UniGLTF.UniUnlit", "UniGLTF.UniUnlit.csproj", "{04165FD9-A217-A49B-A827-9827A29BF46D}"
EndProject
Global
	GlobalSection(SolutionConfigurationPlatforms) = preSolution
		Debug|Any CPU = Debug|Any CPU
		Release|Any CPU = Release|Any CPU
	EndGlobalSection
	GlobalSection(ProjectConfigurationPlatforms) = postSolution
		{D5631B8A-6AAC-A44B-EE3E-074793CDECC3}.Debug|Any CPU.ActiveCfg = Debug|Any CPU
		{D5631B8A-6AAC-A44B-EE3E-074793CDECC3}.Debug|Any CPU.Build.0 = Debug|Any CPU
		{D5631B8A-6AAC-A44B-EE3E-074793CDECC3}.Release|Any CPU.ActiveCfg = Release|Any CPU
		{D5631B8A-6AAC-A44B-EE3E-074793CDECC3}.Release|Any CPU.Build.0 = Release|Any CPU
		{3469BF09-7628-DCFD-A26D-3AFFA71A7857}.Debug|Any CPU.ActiveCfg = Debug|Any CPU
		{3469BF09-7628-DCFD-A26D-3AFFA71A7857}.Debug|Any CPU.Build.0 = Debug|Any CPU
		{3469BF09-7628-DCFD-A26D-3AFFA71A7857}.Release|Any CPU.ActiveCfg = Release|Any CPU
		{3469BF09-7628-DCFD-A26D-3AFFA71A7857}.Release|Any CPU.Build.0 = Release|Any CPU
		{F5301AFA-D336-C682-789F-A15584096991}.Debug|Any CPU.ActiveCfg = Debug|Any CPU
		{F5301AFA-D336-C682-789F-A15584096991}.Debug|Any CPU.Build.0 = Debug|Any CPU
		{F5301AFA-D336-C682-789F-A15584096991}.Release|Any CPU.ActiveCfg = Release|Any CPU
		{F5301AFA-D336-C682-789F-A15584096991}.Release|Any CPU.Build.0 = Release|Any CPU
		{2391FC4B-E340-ACAF-AA48-A4866E258E8B}.Debug|Any CPU.ActiveCfg = Debug|Any CPU
		{2391FC4B-E340-ACAF-AA48-A4866E258E8B}.Debug|Any CPU.Build.0 = Debug|Any CPU
		{2391FC4B-E340-ACAF-AA48-A4866E258E8B}.Release|Any CPU.ActiveCfg = Release|Any CPU
		{2391FC4B-E340-ACAF-AA48-A4866E258E8B}.Release|Any CPU.Build.0 = Release|Any CPU
		{73EABA31-AFEF-D6F3-CEC5-DCA07B54084F}.Debug|Any CPU.ActiveCfg = Debug|Any CPU
		{73EABA31-AFEF-D6F3-CEC5-DCA07B54084F}.Debug|Any CPU.Build.0 = Debug|Any CPU
		{73EABA31-AFEF-D6F3-CEC5-DCA07B54084F}.Release|Any CPU.ActiveCfg = Release|Any CPU
		{73EABA31-AFEF-D6F3-CEC5-DCA07B54084F}.Release|Any CPU.Build.0 = Release|Any CPU
		{BFFB3B6B-B134-58A5-38C2-3FCC15EA1FE8}.Debug|Any CPU.ActiveCfg = Debug|Any CPU
		{BFFB3B6B-B134-58A5-38C2-3FCC15EA1FE8}.Debug|Any CPU.Build.0 = Debug|Any CPU
		{BFFB3B6B-B134-58A5-38C2-3FCC15EA1FE8}.Release|Any CPU.ActiveCfg = Release|Any CPU
		{BFFB3B6B-B134-58A5-38C2-3FCC15EA1FE8}.Release|Any CPU.Build.0 = Release|Any CPU
		{293E9645-C543-E2A5-A243-84283243981F}.Debug|Any CPU.ActiveCfg = Debug|Any CPU
		{293E9645-C543-E2A5-A243-84283243981F}.Debug|Any CPU.Build.0 = Debug|Any CPU
		{293E9645-C543-E2A5-A243-84283243981F}.Release|Any CPU.ActiveCfg = Release|Any CPU
		{293E9645-C543-E2A5-A243-84283243981F}.Release|Any CPU.Build.0 = Release|Any CPU
		{2C526532-92B7-3C92-E5D5-388D5E444582}.Debug|Any CPU.ActiveCfg = Debug|Any CPU
		{2C526532-92B7-3C92-E5D5-388D5E444582}.Debug|Any CPU.Build.0 = Debug|Any CPU
		{2C526532-92B7-3C92-E5D5-388D5E444582}.Release|Any CPU.ActiveCfg = Release|Any CPU
		{2C526532-92B7-3C92-E5D5-388D5E444582}.Release|Any CPU.Build.0 = Release|Any CPU
		{1E18C2E8-CB32-B923-56C8-C12198B3D371}.Debug|Any CPU.ActiveCfg = Debug|Any CPU
		{1E18C2E8-CB32-B923-56C8-C12198B3D371}.Debug|Any CPU.Build.0 = Debug|Any CPU
		{1E18C2E8-CB32-B923-56C8-C12198B3D371}.Release|Any CPU.ActiveCfg = Release|Any CPU
		{1E18C2E8-CB32-B923-56C8-C12198B3D371}.Release|Any CPU.Build.0 = Release|Any CPU
		{A03ABABF-6573-D145-6DBC-9397D32014B9}.Debug|Any CPU.ActiveCfg = Debug|Any CPU
		{A03ABABF-6573-D145-6DBC-9397D32014B9}.Debug|Any CPU.Build.0 = Debug|Any CPU
		{A03ABABF-6573-D145-6DBC-9397D32014B9}.Release|Any CPU.ActiveCfg = Release|Any CPU
		{A03ABABF-6573-D145-6DBC-9397D32014B9}.Release|Any CPU.Build.0 = Release|Any CPU
		{590F99D1-2887-4A29-A0DC-860E778E7970}.Debug|Any CPU.ActiveCfg = Debug|Any CPU
		{590F99D1-2887-4A29-A0DC-860E778E7970}.Debug|Any CPU.Build.0 = Debug|Any CPU
		{590F99D1-2887-4A29-A0DC-860E778E7970}.Release|Any CPU.ActiveCfg = Release|Any CPU
		{590F99D1-2887-4A29-A0DC-860E778E7970}.Release|Any CPU.Build.0 = Release|Any CPU
		{E5BCB566-46C6-30CF-3828-08870C6822EA}.Debug|Any CPU.ActiveCfg = Debug|Any CPU
		{E5BCB566-46C6-30CF-3828-08870C6822EA}.Debug|Any CPU.Build.0 = Debug|Any CPU
		{E5BCB566-46C6-30CF-3828-08870C6822EA}.Release|Any CPU.ActiveCfg = Release|Any CPU
		{E5BCB566-46C6-30CF-3828-08870C6822EA}.Release|Any CPU.Build.0 = Release|Any CPU
		{B48AD4CE-363B-7320-F9F6-737EAB4DB14B}.Debug|Any CPU.ActiveCfg = Debug|Any CPU
		{B48AD4CE-363B-7320-F9F6-737EAB4DB14B}.Debug|Any CPU.Build.0 = Debug|Any CPU
		{B48AD4CE-363B-7320-F9F6-737EAB4DB14B}.Release|Any CPU.ActiveCfg = Release|Any CPU
		{B48AD4CE-363B-7320-F9F6-737EAB4DB14B}.Release|Any CPU.Build.0 = Release|Any CPU
		{A32A3116-E989-7F6A-590F-3501C1E320BD}.Debug|Any CPU.ActiveCfg = Debug|Any CPU
		{A32A3116-E989-7F6A-590F-3501C1E320BD}.Debug|Any CPU.Build.0 = Debug|Any CPU
		{A32A3116-E989-7F6A-590F-3501C1E320BD}.Release|Any CPU.ActiveCfg = Release|Any CPU
		{A32A3116-E989-7F6A-590F-3501C1E320BD}.Release|Any CPU.Build.0 = Release|Any CPU
		{1273970E-FD97-012C-A87D-B94F3AE59F69}.Debug|Any CPU.ActiveCfg = Debug|Any CPU
		{1273970E-FD97-012C-A87D-B94F3AE59F69}.Debug|Any CPU.Build.0 = Debug|Any CPU
		{1273970E-FD97-012C-A87D-B94F3AE59F69}.Release|Any CPU.ActiveCfg = Release|Any CPU
		{1273970E-FD97-012C-A87D-B94F3AE59F69}.Release|Any CPU.Build.0 = Release|Any CPU
		{DE9F167C-9AA8-FF0E-4689-CF03D9013B96}.Debug|Any CPU.ActiveCfg = Debug|Any CPU
		{DE9F167C-9AA8-FF0E-4689-CF03D9013B96}.Debug|Any CPU.Build.0 = Debug|Any CPU
		{DE9F167C-9AA8-FF0E-4689-CF03D9013B96}.Release|Any CPU.ActiveCfg = Release|Any CPU
		{DE9F167C-9AA8-FF0E-4689-CF03D9013B96}.Release|Any CPU.Build.0 = Release|Any CPU
		{04165FD9-A217-A49B-A827-9827A29BF46D}.Debug|Any CPU.ActiveCfg = Debug|Any CPU
		{04165FD9-A217-A49B-A827-9827A29BF46D}.Debug|Any CPU.Build.0 = Debug|Any CPU
		{04165FD9-A217-A49B-A827-9827A29BF46D}.Release|Any CPU.ActiveCfg = Release|Any CPU
		{04165FD9-A217-A49B-A827-9827A29BF46D}.Release|Any CPU.Build.0 = Release|Any CPU
	EndGlobalSection
	GlobalSection(SolutionProperties) = preSolution
		HideSolutionNode = FALSE
	EndGlobalSection
EndGlobal
